
Microsoft Visual Studio Solution File, Format Version 12.00
# Visual Studio Version 17
VisualStudioVersion = 17.7.34031.279
MinimumVisualStudioVersion = 10.0.40219.1
Project("{2150E333-8FDC-42A3-9474-1A3956D46DE8}") = "Solution Items", "Solution Items", "{7DE23763-EAF5-4CDA-B937-1B8C6159104D}"
	ProjectSection(SolutionItems) = preProject
		.gitignore = .gitignore
		CHANGELOG = CHANGELOG
		.github\workflows\dotnet.yml = .github\workflows\dotnet.yml
		icon_128.png = icon_128.png
		LICENSE = LICENSE
		README.md = README.md
	EndProjectSection
EndProject
Project("{9A19103F-16F7-4668-BE54-9A1E7A4F7556}") = "RichardSzalay.MockHttp", "RichardSzalay.MockHttp\RichardSzalay.MockHttp.csproj", "{03FBEC76-42A2-4C37-AAAD-E55A297A24EB}"
EndProject
Project("{9A19103F-16F7-4668-BE54-9A1E7A4F7556}") = "RichardSzalay.MockHttp.Tests", "RichardSzalay.MockHttp.Tests\RichardSzalay.MockHttp.Tests.csproj", "{6AEF9F29-B494-4498-98B7-90938912417A}"
EndProject
Global
	GlobalSection(SolutionConfigurationPlatforms) = preSolution
		Debug|Any CPU = Debug|Any CPU
		Debug|ARM = Debug|ARM
		Debug|x64 = Debug|x64
		Debug|x86 = Debug|x86
		Release|Any CPU = Release|Any CPU
		Release|ARM = Release|ARM
		Release|x64 = Release|x64
		Release|x86 = Release|x86
	EndGlobalSection
	GlobalSection(ProjectConfigurationPlatforms) = postSolution
		{03FBEC76-42A2-4C37-AAAD-E55A297A24EB}.Debug|Any CPU.ActiveCfg = Debug|Any CPU
		{03FBEC76-42A2-4C37-AAAD-E55A297A24EB}.Debug|Any CPU.Build.0 = Debug|Any CPU
		{03FBEC76-42A2-4C37-AAAD-E55A297A24EB}.Debug|ARM.ActiveCfg = Debug|Any CPU
		{03FBEC76-42A2-4C37-AAAD-E55A297A24EB}.Debug|ARM.Build.0 = Debug|Any CPU
		{03FBEC76-42A2-4C37-AAAD-E55A297A24EB}.Debug|x64.ActiveCfg = Debug|Any CPU
		{03FBEC76-42A2-4C37-AAAD-E55A297A24EB}.Debug|x64.Build.0 = Debug|Any CPU
		{03FBEC76-42A2-4C37-AAAD-E55A297A24EB}.Debug|x86.ActiveCfg = Debug|Any CPU
		{03FBEC76-42A2-4C37-AAAD-E55A297A24EB}.Debug|x86.Build.0 = Debug|Any CPU
		{03FBEC76-42A2-4C37-AAAD-E55A297A24EB}.Release|Any CPU.ActiveCfg = Release|Any CPU
		{03FBEC76-42A2-4C37-AAAD-E55A297A24EB}.Release|Any CPU.Build.0 = Release|Any CPU
		{03FBEC76-42A2-4C37-AAAD-E55A297A24EB}.Release|ARM.ActiveCfg = Release|Any CPU
		{03FBEC76-42A2-4C37-AAAD-E55A297A24EB}.Release|ARM.Build.0 = Release|Any CPU
		{03FBEC76-42A2-4C37-AAAD-E55A297A24EB}.Release|x64.ActiveCfg = Release|Any CPU
		{03FBEC76-42A2-4C37-AAAD-E55A297A24EB}.Release|x64.Build.0 = Release|Any CPU
		{03FBEC76-42A2-4C37-AAAD-E55A297A24EB}.Release|x86.ActiveCfg = Release|Any CPU
		{03FBEC76-42A2-4C37-AAAD-E55A297A24EB}.Release|x86.Build.0 = Release|Any CPU
		{6AEF9F29-B494-4498-98B7-90938912417A}.Debug|Any CPU.ActiveCfg = Debug|Any CPU
		{6AEF9F29-B494-4498-98B7-90938912417A}.Debug|Any CPU.Build.0 = Debug|Any CPU
		{6AEF9F29-B494-4498-98B7-90938912417A}.Debug|ARM.ActiveCfg = Debug|Any CPU
		{6AEF9F29-B494-4498-98B7-90938912417A}.Debug|ARM.Build.0 = Debug|Any CPU
		{6AEF9F29-B494-4498-98B7-90938912417A}.Debug|x64.ActiveCfg = Debug|Any CPU
		{6AEF9F29-B494-4498-98B7-90938912417A}.Debug|x64.Build.0 = Debug|Any CPU
		{6AEF9F29-B494-4498-98B7-90938912417A}.Debug|x86.ActiveCfg = Debug|Any CPU
		{6AEF9F29-B494-4498-98B7-90938912417A}.Debug|x86.Build.0 = Debug|Any CPU
		{6AEF9F29-B494-4498-98B7-90938912417A}.Release|Any CPU.ActiveCfg = Release|Any CPU
		{6AEF9F29-B494-4498-98B7-90938912417A}.Release|Any CPU.Build.0 = Release|Any CPU
		{6AEF9F29-B494-4498-98B7-90938912417A}.Release|ARM.ActiveCfg = Release|Any CPU
		{6AEF9F29-B494-4498-98B7-90938912417A}.Release|ARM.Build.0 = Release|Any CPU
		{6AEF9F29-B494-4498-98B7-90938912417A}.Release|x64.ActiveCfg = Release|Any CPU
		{6AEF9F29-B494-4498-98B7-90938912417A}.Release|x64.Build.0 = Release|Any CPU
		{6AEF9F29-B494-4498-98B7-90938912417A}.Release|x86.ActiveCfg = Release|Any CPU
		{6AEF9F29-B494-4498-98B7-90938912417A}.Release|x86.Build.0 = Release|Any CPU
	EndGlobalSection
	GlobalSection(SolutionProperties) = preSolution
		HideSolutionNode = FALSE
	EndGlobalSection
	GlobalSection(ExtensibilityGlobals) = postSolution
		SolutionGuid = {D349BD47-EE2A-4FDF-954F-C2F511313D79}
	EndGlobalSection
EndGlobal
