
Microsoft Visual Studio Solution File, Format Version 12.00
# Visual Studio 15
VisualStudioVersion = 15.0.26730.8
MinimumVisualStudioVersion = 10.0.40219.1
Project("{2150E333-8FDC-42A3-9474-1A3956D46DE8}") = ".nuget", ".nuget", "{0A5627BF-2EF3-4826-8BE3-4619A5DF1045}"
	ProjectSection(SolutionItems) = preProject
		.nuget\packages.config = .nuget\packages.config
	EndProjectSection
EndProject
Project("{2150E333-8FDC-42A3-9474-1A3956D46DE8}") = "Solution Items", "Solution Items", "{7DE23763-EAF5-4CDA-B937-1B8C6159104D}"
	ProjectSection(SolutionItems) = preProject
		CHANGELOG = CHANGELOG
		LICENSE = LICENSE
		README.md = README.md
		.gitignore = .gitignore
		icon_128.png = icon_128.png
	EndProjectSection
EndProject
Project("{FAE04EC0-301F-11D3-BF4B-00C04F79EFBC}") = "RichardSzalay.MockHttp", "RichardSzalay.MockHttp\RichardSzalay.MockHttp.csproj", "{03FBEC76-42A2-4C37-AAAD-E55A297A24EB}"
EndProject
Project("{FAE04EC0-301F-11D3-BF4B-00C04F79EFBC}") = "RichardSzalay.MockHttp.Tests", "RichardSzalay.MockHttp.Tests\RichardSzalay.MockHttp.Tests.csproj", "{6AEF9F29-B494-4498-98B7-90938912417A}"
EndProject
Global
	GlobalSection(SharedMSBuildProjectFiles) = preSolution
		RichardSzalay.MockHttp.Shared\RichardSzalay.MockHttp.Shared.projitems*{21a34759-fae1-48b5-8cfe-2ea1b9befcb8}*SharedItemsImports = 13
		RichardSzalay.MockHttp.Shared\RichardSzalay.MockHttp.Shared.projitems*{577ec1e5-e2b6-4170-aeac-74bac282cac1}*SharedItemsImports = 4
		RichardSzalay.MockHttp.Shared\RichardSzalay.MockHttp.Shared.projitems*{e388befc-f356-49d3-a29c-296a59fd27dd}*SharedItemsImports = 4
		RichardSzalay.MockHttp.Shared\RichardSzalay.MockHttp.Shared.projitems*{f9679562-4076-4ca2-9d3c-34a04a47ee1b}*SharedItemsImports = 4
	EndGlobalSection
	GlobalSection(SolutionConfigurationPlatforms) = preSolution
		Debug|Any CPU = Debug|Any CPU
		Debug|ARM = Debug|ARM
		Debug|x64 = Debug|x64
		Debug|x86 = Debug|x86
		Release|Any CPU = Release|Any CPU
		Release|ARM = Release|ARM
		Release|x64 = Release|x64
		Release|x86 = Release|x86
	EndGlobalSection
	GlobalSection(ProjectConfigurationPlatforms) = postSolution
		{03FBEC76-42A2-4C37-AAAD-E55A297A24EB}.Debug|Any CPU.ActiveCfg = Debug|Any CPU
		{03FBEC76-42A2-4C37-AAAD-E55A297A24EB}.Debug|Any CPU.Build.0 = Debug|Any CPU
		{03FBEC76-42A2-4C37-AAAD-E55A297A24EB}.Debug|ARM.ActiveCfg = Debug|Any CPU
		{03FBEC76-42A2-4C37-AAAD-E55A297A24EB}.Debug|ARM.Build.0 = Debug|Any CPU
		{03FBEC76-42A2-4C37-AAAD-E55A297A24EB}.Debug|x64.ActiveCfg = Debug|Any CPU
		{03FBEC76-42A2-4C37-AAAD-E55A297A24EB}.Debug|x64.Build.0 = Debug|Any CPU
		{03FBEC76-42A2-4C37-AAAD-E55A297A24EB}.Debug|x86.ActiveCfg = Debug|Any CPU
		{03FBEC76-42A2-4C37-AAAD-E55A297A24EB}.Debug|x86.Build.0 = Debug|Any CPU
		{03FBEC76-42A2-4C37-AAAD-E55A297A24EB}.Release|Any CPU.ActiveCfg = Release|Any CPU
		{03FBEC76-42A2-4C37-AAAD-E55A297A24EB}.Release|Any CPU.Build.0 = Release|Any CPU
		{03FBEC76-42A2-4C37-AAAD-E55A297A24EB}.Release|ARM.ActiveCfg = Release|Any CPU
		{03FBEC76-42A2-4C37-AAAD-E55A297A24EB}.Release|ARM.Build.0 = Release|Any CPU
		{03FBEC76-42A2-4C37-AAAD-E55A297A24EB}.Release|x64.ActiveCfg = Release|Any CPU
		{03FBEC76-42A2-4C37-AAAD-E55A297A24EB}.Release|x64.Build.0 = Release|Any CPU
		{03FBEC76-42A2-4C37-AAAD-E55A297A24EB}.Release|x86.ActiveCfg = Release|Any CPU
		{03FBEC76-42A2-4C37-AAAD-E55A297A24EB}.Release|x86.Build.0 = Release|Any CPU
		{6AEF9F29-B494-4498-98B7-90938912417A}.Debug|Any CPU.ActiveCfg = Debug|Any CPU
		{6AEF9F29-B494-4498-98B7-90938912417A}.Debug|Any CPU.Build.0 = Debug|Any CPU
		{6AEF9F29-B494-4498-98B7-90938912417A}.Debug|ARM.ActiveCfg = Debug|Any CPU
		{6AEF9F29-B494-4498-98B7-90938912417A}.Debug|ARM.Build.0 = Debug|Any CPU
		{6AEF9F29-B494-4498-98B7-90938912417A}.Debug|x64.ActiveCfg = Debug|Any CPU
		{6AEF9F29-B494-4498-98B7-90938912417A}.Debug|x64.Build.0 = Debug|Any CPU
		{6AEF9F29-B494-4498-98B7-90938912417A}.Debug|x86.ActiveCfg = Debug|Any CPU
		{6AEF9F29-B494-4498-98B7-90938912417A}.Debug|x86.Build.0 = Debug|Any CPU
		{6AEF9F29-B494-4498-98B7-90938912417A}.Release|Any CPU.ActiveCfg = Release|Any CPU
		{6AEF9F29-B494-4498-98B7-90938912417A}.Release|Any CPU.Build.0 = Release|Any CPU
		{6AEF9F29-B494-4498-98B7-90938912417A}.Release|ARM.ActiveCfg = Release|Any CPU
		{6AEF9F29-B494-4498-98B7-90938912417A}.Release|ARM.Build.0 = Release|Any CPU
		{6AEF9F29-B494-4498-98B7-90938912417A}.Release|x64.ActiveCfg = Release|Any CPU
		{6AEF9F29-B494-4498-98B7-90938912417A}.Release|x64.Build.0 = Release|Any CPU
		{6AEF9F29-B494-4498-98B7-90938912417A}.Release|x86.ActiveCfg = Release|Any CPU
		{6AEF9F29-B494-4498-98B7-90938912417A}.Release|x86.Build.0 = Release|Any CPU
	EndGlobalSection
	GlobalSection(SolutionProperties) = preSolution
		HideSolutionNode = FALSE
	EndGlobalSection
	GlobalSection(ExtensibilityGlobals) = postSolution
		SolutionGuid = {D349BD47-EE2A-4FDF-954F-C2F511313D79}
	EndGlobalSection
	GlobalSection(NestedProjects) = preSolution
	EndGlobalSection
EndGlobal
