
Microsoft Visual Studio Solution File, Format Version 12.00
# Visual Studio 2013
VisualStudioVersion = 12.0.30110.0
MinimumVisualStudioVersion = 10.0.40219.1
Project("{FAE04EC0-301F-11D3-BF4B-00C04F79EFBC}") = "RichardSzalay.MockHttp", "RichardSzalay.MockHttp\RichardSzalay.MockHttp.csproj", "{E388BEFC-F356-49D3-A29C-296A59FD27DD}"
EndProject
Project("{FAE04EC0-301F-11D3-BF4B-00C04F79EFBC}") = "RichardSzalay.MockHttp.Tests", "RichardSzalay.MockHttp.Tests\RichardSzalay.MockHttp.Tests.csproj", "{1E613FE0-AA8E-40D5-B310-BCD2A798CB1D}"
EndProject
Global
	GlobalSection(SolutionConfigurationPlatforms) = preSolution
		Debug|Any CPU = Debug|Any CPU
		Release|Any CPU = Release|Any CPU
	EndGlobalSection
	GlobalSection(ProjectConfigurationPlatforms) = postSolution
		{E388BEFC-F356-49D3-A29C-296A59FD27DD}.Debug|Any CPU.ActiveCfg = Debug|Any CPU
		{E388BEFC-F356-49D3-A29C-296A59FD27DD}.Debug|Any CPU.Build.0 = Debug|Any CPU
		{E388BEFC-F356-49D3-A29C-296A59FD27DD}.Release|Any CPU.ActiveCfg = Release|Any CPU
		{E388BEFC-F356-49D3-A29C-296A59FD27DD}.Release|Any CPU.Build.0 = Release|Any CPU
		{1E613FE0-AA8E-40D5-B310-BCD2A798CB1D}.Debug|Any CPU.ActiveCfg = Debug|Any CPU
		{1E613FE0-AA8E-40D5-B310-BCD2A798CB1D}.Debug|Any CPU.Build.0 = Debug|Any CPU
		{1E613FE0-AA8E-40D5-B310-BCD2A798CB1D}.Release|Any CPU.ActiveCfg = Release|Any CPU
		{1E613FE0-AA8E-40D5-B310-BCD2A798CB1D}.Release|Any CPU.Build.0 = Release|Any CPU
	EndGlobalSection
	GlobalSection(SolutionProperties) = preSolution
		HideSolutionNode = FALSE
	EndGlobalSection
EndGlobal
